
Microsoft Visual Studio Solution File, Format Version 12.00
# Visual Studio Version 16
VisualStudioVersion = 16.0.29503.13
MinimumVisualStudioVersion = 10.0.40219.1
Project("{FAE04EC0-301F-11D3-BF4B-00C04F79EFBC}") = "Christmas", "Christmas\Christmas.csproj", "{53413BF7-DE38-470C-9780-3C2D8CB985D4}"
EndProject
Project("{FAE04EC0-301F-11D3-BF4B-00C04F79EFBC}") = "ChristmasTest", "ChristmasTest\ChristmasTest.csproj", "{1A17EC10-3F5A-4543-8793-43FF9944D03E}"
EndProject
Global
	GlobalSection(SolutionConfigurationPlatforms) = preSolution
		Debug|Any CPU = Debug|Any CPU
		Release|Any CPU = Release|Any CPU
	EndGlobalSection
	GlobalSection(ProjectConfigurationPlatforms) = postSolution
		{53413BF7-DE38-470C-9780-3C2D8CB985D4}.Debug|Any CPU.ActiveCfg = Debug|Any CPU
		{53413BF7-DE38-470C-9780-3C2D8CB985D4}.Debug|Any CPU.Build.0 = Debug|Any CPU
		{53413BF7-DE38-470C-9780-3C2D8CB985D4}.Release|Any CPU.ActiveCfg = Release|Any CPU
		{53413BF7-DE38-470C-9780-3C2D8CB985D4}.Release|Any CPU.Build.0 = Release|Any CPU
		{1A17EC10-3F5A-4543-8793-43FF9944D03E}.Debug|Any CPU.ActiveCfg = Debug|Any CPU
		{1A17EC10-3F5A-4543-8793-43FF9944D03E}.Debug|Any CPU.Build.0 = Debug|Any CPU
		{1A17EC10-3F5A-4543-8793-43FF9944D03E}.Release|Any CPU.ActiveCfg = Release|Any CPU
		{1A17EC10-3F5A-4543-8793-43FF9944D03E}.Release|Any CPU.Build.0 = Release|Any CPU
	EndGlobalSection
	GlobalSection(SolutionProperties) = preSolution
		HideSolutionNode = FALSE
	EndGlobalSection
	GlobalSection(ExtensibilityGlobals) = postSolution
		SolutionGuid = {789D0DBB-9EC7-40DB-98A6-A6C1EFA772C4}
	EndGlobalSection
EndGlobal
